
Microsoft Visual Studio Solution File, Format Version 12.00
# Visual Studio Version 17
VisualStudioVersion = 17.3.32929.385
MinimumVisualStudioVersion = 10.0.40219.1
Project("{9A19103F-16F7-4668-BE54-9A1E7A4F7556}") = "ConsoleProgram", "ConsoleProgram\ConsoleProgram.csproj", "{1EFB855C-6808-4E65-AFB8-00AB6D29E691}"
EndProject
Project("{9A19103F-16F7-4668-BE54-9A1E7A4F7556}") = "Infrastructure", "Infrastructure\Infrastructure.csproj", "{64F1F092-045E-4FBC-8923-7F251C6CD597}"
EndProject
Global
	GlobalSection(SolutionConfigurationPlatforms) = preSolution
		Debug|Any CPU = Debug|Any CPU
		Release|Any CPU = Release|Any CPU
	EndGlobalSection
	GlobalSection(ProjectConfigurationPlatforms) = postSolution
		{1EFB855C-6808-4E65-AFB8-00AB6D29E691}.Debug|Any CPU.ActiveCfg = Debug|Any CPU
		{1EFB855C-6808-4E65-AFB8-00AB6D29E691}.Debug|Any CPU.Build.0 = Debug|Any CPU
		{1EFB855C-6808-4E65-AFB8-00AB6D29E691}.Release|Any CPU.ActiveCfg = Release|Any CPU
		{1EFB855C-6808-4E65-AFB8-00AB6D29E691}.Release|Any CPU.Build.0 = Release|Any CPU
		{64F1F092-045E-4FBC-8923-7F251C6CD597}.Debug|Any CPU.ActiveCfg = Debug|Any CPU
		{64F1F092-045E-4FBC-8923-7F251C6CD597}.Debug|Any CPU.Build.0 = Debug|Any CPU
		{64F1F092-045E-4FBC-8923-7F251C6CD597}.Release|Any CPU.ActiveCfg = Release|Any CPU
		{64F1F092-045E-4FBC-8923-7F251C6CD597}.Release|Any CPU.Build.0 = Release|Any CPU
	EndGlobalSection
	GlobalSection(SolutionProperties) = preSolution
		HideSolutionNode = FALSE
	EndGlobalSection
	GlobalSection(ExtensibilityGlobals) = postSolution
		SolutionGuid = {EB212809-1971-489B-9910-F28887099DAC}
	EndGlobalSection
EndGlobal
